
Microsoft Visual Studio Solution File, Format Version 12.00
# Visual Studio Version 17
VisualStudioVersion = 17.12.35707.178 d17.12
MinimumVisualStudioVersion = 10.0.40219.1
Project("{FAE04EC0-301F-11D3-BF4B-00C04F79EFBC}") = "LibraryInfrastructure", "LibraryInfrastructure\LibraryInfrastructure.csproj", "{C7AC72A8-2745-4E8B-839B-74C2C05E3E9A}"
EndProject
Project("{FAE04EC0-301F-11D3-BF4B-00C04F79EFBC}") = "LibraryDomain", "LibraryDomain\LibraryDomain.csproj", "{F696297B-ABCA-4BBB-BE96-5EAC0C49E754}"
EndProject
Global
	GlobalSection(SolutionConfigurationPlatforms) = preSolution
		Debug|Any CPU = Debug|Any CPU
		Release|Any CPU = Release|Any CPU
	EndGlobalSection
	GlobalSection(ProjectConfigurationPlatforms) = postSolution
		{C7AC72A8-2745-4E8B-839B-74C2C05E3E9A}.Debug|Any CPU.ActiveCfg = Debug|Any CPU
		{C7AC72A8-2745-4E8B-839B-74C2C05E3E9A}.Debug|Any CPU.Build.0 = Debug|Any CPU
		{C7AC72A8-2745-4E8B-839B-74C2C05E3E9A}.Release|Any CPU.ActiveCfg = Release|Any CPU
		{C7AC72A8-2745-4E8B-839B-74C2C05E3E9A}.Release|Any CPU.Build.0 = Release|Any CPU
		{F696297B-ABCA-4BBB-BE96-5EAC0C49E754}.Debug|Any CPU.ActiveCfg = Debug|Any CPU
		{F696297B-ABCA-4BBB-BE96-5EAC0C49E754}.Debug|Any CPU.Build.0 = Debug|Any CPU
		{F696297B-ABCA-4BBB-BE96-5EAC0C49E754}.Release|Any CPU.ActiveCfg = Release|Any CPU
		{F696297B-ABCA-4BBB-BE96-5EAC0C49E754}.Release|Any CPU.Build.0 = Release|Any CPU
	EndGlobalSection
	GlobalSection(SolutionProperties) = preSolution
		HideSolutionNode = FALSE
	EndGlobalSection
EndGlobal
